
Microsoft Visual Studio Solution File, Format Version 12.00
# Visual Studio Version 17
VisualStudioVersion = 17.5.33414.496
MinimumVisualStudioVersion = 10.0.40219.1
Project("{9A19103F-16F7-4668-BE54-9A1E7A4F7556}") = "exam_program", "exam_program.csproj", "{C6280AC5-C744-4992-98DF-9EDD1B56B65D}"
EndProject
Global
	GlobalSection(SolutionConfigurationPlatforms) = preSolution
		Debug|Any CPU = Debug|Any CPU
		Release|Any CPU = Release|Any CPU
	EndGlobalSection
	GlobalSection(ProjectConfigurationPlatforms) = postSolution
		{C6280AC5-C744-4992-98DF-9EDD1B56B65D}.Debug|Any CPU.ActiveCfg = Debug|Any CPU
		{C6280AC5-C744-4992-98DF-9EDD1B56B65D}.Debug|Any CPU.Build.0 = Debug|Any CPU
		{C6280AC5-C744-4992-98DF-9EDD1B56B65D}.Release|Any CPU.ActiveCfg = Release|Any CPU
		{C6280AC5-C744-4992-98DF-9EDD1B56B65D}.Release|Any CPU.Build.0 = Release|Any CPU
	EndGlobalSection
	GlobalSection(SolutionProperties) = preSolution
		HideSolutionNode = FALSE
	EndGlobalSection
	GlobalSection(ExtensibilityGlobals) = postSolution
		SolutionGuid = {E91CA88F-41BC-45B0-B345-770FCD45CD52}
	EndGlobalSection
EndGlobal
